
Microsoft Visual Studio Solution File, Format Version 12.00
# Visual Studio Version 17
VisualStudioVersion = 17.11.35431.28
MinimumVisualStudioVersion = 10.0.40219.1
Project("{9A19103F-16F7-4668-BE54-9A1E7A4F7556}") = "SharpTree.Core", "SharpTree.Core\SharpTree.Core.csproj", "{6C6F904A-864E-4288-8C84-D19A367CBE8F}"
EndProject
Project("{FAE04EC0-301F-11D3-BF4B-00C04F79EFBC}") = "SharpTree", "SharpTree\SharpTree.csproj", "{A0249F6E-85EA-4AC8-B597-2D59E04A24D7}"
EndProject
Project("{FAE04EC0-301F-11D3-BF4B-00C04F79EFBC}") = "SharpTree.Core.Powershell", "SharpTree.Core.Powershell\SharpTree.Core.Powershell.csproj", "{069432C9-486A-4A91-A71A-E6C5ED172210}"
EndProject
Project("{2150E333-8FDC-42A3-9474-1A3956D46DE8}") = "Solution Items", "Solution Items", "{CC96CE52-A5FC-4AAF-B9A5-872BFD278459}"
	ProjectSection(SolutionItems) = preProject
		ControlUp.SBA\Get-DirectoryTree.ps1 = ControlUp.SBA\Get-DirectoryTree.ps1
	EndProjectSection
EndProject
Global
	GlobalSection(SolutionConfigurationPlatforms) = preSolution
		Debug|Any CPU = Debug|Any CPU
		Release|Any CPU = Release|Any CPU
	EndGlobalSection
	GlobalSection(ProjectConfigurationPlatforms) = postSolution
		{6C6F904A-864E-4288-8C84-D19A367CBE8F}.Debug|Any CPU.ActiveCfg = Debug|Any CPU
		{6C6F904A-864E-4288-8C84-D19A367CBE8F}.Debug|Any CPU.Build.0 = Debug|Any CPU
		{6C6F904A-864E-4288-8C84-D19A367CBE8F}.Release|Any CPU.ActiveCfg = Release|Any CPU
		{6C6F904A-864E-4288-8C84-D19A367CBE8F}.Release|Any CPU.Build.0 = Release|Any CPU
		{A0249F6E-85EA-4AC8-B597-2D59E04A24D7}.Debug|Any CPU.ActiveCfg = Debug|Any CPU
		{A0249F6E-85EA-4AC8-B597-2D59E04A24D7}.Debug|Any CPU.Build.0 = Debug|Any CPU
		{A0249F6E-85EA-4AC8-B597-2D59E04A24D7}.Release|Any CPU.ActiveCfg = Release|Any CPU
		{A0249F6E-85EA-4AC8-B597-2D59E04A24D7}.Release|Any CPU.Build.0 = Release|Any CPU
		{069432C9-486A-4A91-A71A-E6C5ED172210}.Debug|Any CPU.ActiveCfg = Debug|Any CPU
		{069432C9-486A-4A91-A71A-E6C5ED172210}.Debug|Any CPU.Build.0 = Debug|Any CPU
		{069432C9-486A-4A91-A71A-E6C5ED172210}.Release|Any CPU.ActiveCfg = Release|Any CPU
		{069432C9-486A-4A91-A71A-E6C5ED172210}.Release|Any CPU.Build.0 = Release|Any CPU
	EndGlobalSection
	GlobalSection(SolutionProperties) = preSolution
		HideSolutionNode = FALSE
	EndGlobalSection
	GlobalSection(ExtensibilityGlobals) = postSolution
		SolutionGuid = {18807B7E-2C30-4358-A7FF-C3AEC2A004C3}
	EndGlobalSection
EndGlobal
